---

- name: ensure elasticsearch.service.d directory exists
  file:
    dest: "/etc/systemd/system/elasticsearch.service.d/"
    state: directory

- name: set LimitMEMLOCK
  copy:
    content: |
      [Service]
      LimitMEMLOCK=infinity
    dest: "/etc/systemd/system/elasticsearch.service.d/override.conf"
  notify:
    - elasticsearch restart
    - elasticsearch service status
    - elasticsearch health check
    - elasticsearch health check message
